
Microsoft Visual Studio Solution File, Format Version 12.00
# Visual Studio Version 17
VisualStudioVersion = 17.8.34316.72
MinimumVisualStudioVersion = 10.0.40219.1
Project("{FAE04EC0-301F-11D3-BF4B-00C04F79EFBC}") = "IDROBE.API", "IDROBE.API\IDROBE.API.csproj", "{4F5241AB-5D58-4B10-A203-DC902BE65F2A}"
EndProject
Global
	GlobalSection(SolutionConfigurationPlatforms) = preSolution
		Debug|Any CPU = Debug|Any CPU
		Release|Any CPU = Release|Any CPU
	EndGlobalSection
	GlobalSection(ProjectConfigurationPlatforms) = postSolution
		{4F5241AB-5D58-4B10-A203-DC902BE65F2A}.Debug|Any CPU.ActiveCfg = Debug|Any CPU
		{4F5241AB-5D58-4B10-A203-DC902BE65F2A}.Debug|Any CPU.Build.0 = Debug|Any CPU
		{4F5241AB-5D58-4B10-A203-DC902BE65F2A}.Release|Any CPU.ActiveCfg = Release|Any CPU
		{4F5241AB-5D58-4B10-A203-DC902BE65F2A}.Release|Any CPU.Build.0 = Release|Any CPU
	EndGlobalSection
	GlobalSection(SolutionProperties) = preSolution
		HideSolutionNode = FALSE
	EndGlobalSection
	GlobalSection(ExtensibilityGlobals) = postSolution
		SolutionGuid = {908B853E-33C3-4F0F-9BDD-E40F37882867}
	EndGlobalSection
EndGlobal
